
Microsoft Visual Studio Solution File, Format Version 12.00
# Visual Studio 15
VisualStudioVersion = 15.0.27703.2047
MinimumVisualStudioVersion = 10.0.40219.1
Project("{FAE04EC0-301F-11D3-BF4B-00C04F79EFBC}") = "Clase06.Entidades", "Clase06.Entidades\Clase06.Entidades.csproj", "{43248E23-E342-4967-AB3D-CD7C60B5F723}"
EndProject
Project("{FAE04EC0-301F-11D3-BF4B-00C04F79EFBC}") = "Clase06.Test", "Clase06.Test\Clase06.Test.csproj", "{7A13CA03-A27D-4608-87C0-7B4FF0B99C83}"
EndProject
Global
	GlobalSection(SolutionConfigurationPlatforms) = preSolution
		Debug|Any CPU = Debug|Any CPU
		Release|Any CPU = Release|Any CPU
	EndGlobalSection
	GlobalSection(ProjectConfigurationPlatforms) = postSolution
		{43248E23-E342-4967-AB3D-CD7C60B5F723}.Debug|Any CPU.ActiveCfg = Debug|Any CPU
		{43248E23-E342-4967-AB3D-CD7C60B5F723}.Debug|Any CPU.Build.0 = Debug|Any CPU
		{43248E23-E342-4967-AB3D-CD7C60B5F723}.Release|Any CPU.ActiveCfg = Release|Any CPU
		{43248E23-E342-4967-AB3D-CD7C60B5F723}.Release|Any CPU.Build.0 = Release|Any CPU
		{7A13CA03-A27D-4608-87C0-7B4FF0B99C83}.Debug|Any CPU.ActiveCfg = Debug|Any CPU
		{7A13CA03-A27D-4608-87C0-7B4FF0B99C83}.Debug|Any CPU.Build.0 = Debug|Any CPU
		{7A13CA03-A27D-4608-87C0-7B4FF0B99C83}.Release|Any CPU.ActiveCfg = Release|Any CPU
		{7A13CA03-A27D-4608-87C0-7B4FF0B99C83}.Release|Any CPU.Build.0 = Release|Any CPU
	EndGlobalSection
	GlobalSection(SolutionProperties) = preSolution
		HideSolutionNode = FALSE
	EndGlobalSection
	GlobalSection(ExtensibilityGlobals) = postSolution
		SolutionGuid = {D10FF980-4264-45CB-80EF-7E06EAD3F5A6}
	EndGlobalSection
EndGlobal
